// !$*UTF8*$!
{
	archiveVersion = 1;
	classes = {
	};
	objectVersion = 55;
	objects = {

/* Begin PBXBuildFile section */
		0507A97E4B576707028D6A8B /* Pods_PriceToEarningsHistory.framework in Frameworks */ = {isa = PBXBuildFile; fileRef = 8AADB26A863BC3A65E2189EA /* Pods_PriceToEarningsHistory.framework */; };
		74F49C402A8284FB00072AFD /* AppDelegate.swift in Sources */ = {isa = PBXBuildFile; fileRef = 74F49C3F2A8284FB00072AFD /* AppDelegate.swift */; };
		74F49C422A8284FB00072AFD /* SceneDelegate.swift in Sources */ = {isa = PBXBuildFile; fileRef = 74F49C412A8284FB00072AFD /* SceneDelegate.swift */; };
		74F49C442A8284FB00072AFD /* SymbolsViewController.swift in Sources */ = {isa = PBXBuildFile; fileRef = 74F49C432A8284FB00072AFD /* SymbolsViewController.swift */; };
		74F49C472A8284FB00072AFD /* Main.storyboard in Resources */ = {isa = PBXBuildFile; fileRef = 74F49C452A8284FB00072AFD /* Main.storyboard */; };
		74F49C492A8284FD00072AFD /* Assets.xcassets in Resources */ = {isa = PBXBuildFile; fileRef = 74F49C482A8284FD00072AFD /* Assets.xcassets */; };
		74F49C4C2A8284FD00072AFD /* LaunchScreen.storyboard in Resources */ = {isa = PBXBuildFile; fileRef = 74F49C4A2A8284FD00072AFD /* LaunchScreen.storyboard */; };
		74F49C572A8284FD00072AFD /* PriceToEarningsHistoryTests.swift in Sources */ = {isa = PBXBuildFile; fileRef = 74F49C562A8284FD00072AFD /* PriceToEarningsHistoryTests.swift */; };
		74F49C612A8284FD00072AFD /* PriceToEarningsHistoryUITests.swift in Sources */ = {isa = PBXBuildFile; fileRef = 74F49C602A8284FD00072AFD /* PriceToEarningsHistoryUITests.swift */; };
		74F49C632A8284FD00072AFD /* PriceToEarningsHistoryUITestsLaunchTests.swift in Sources */ = {isa = PBXBuildFile; fileRef = 74F49C622A8284FD00072AFD /* PriceToEarningsHistoryUITestsLaunchTests.swift */; };
		74F49C732A828DB600072AFD /* Finnhub-Info.plist in Resources */ = {isa = PBXBuildFile; fileRef = 74F49C722A828DB600072AFD /* Finnhub-Info.plist */; };
		74F49CC02A828F7200072AFD /* FinnhubClient.swift in Sources */ = {isa = PBXBuildFile; fileRef = 74F49C9E2A828F7100072AFD /* FinnhubClient.swift */; };
		74F49CC12A828F7200072AFD /* Trade.swift in Sources */ = {isa = PBXBuildFile; fileRef = 74F49CA02A828F7200072AFD /* Trade.swift */; };
		74F49CC22A828F7200072AFD /* LiveNews.swift in Sources */ = {isa = PBXBuildFile; fileRef = 74F49CA12A828F7200072AFD /* LiveNews.swift */; };
		74F49CC32A828F7200072AFD /* CompanySymbolQueryResult.swift in Sources */ = {isa = PBXBuildFile; fileRef = 74F49CA22A828F7200072AFD /* CompanySymbolQueryResult.swift */; };
		74F49CC42A828F7200072AFD /* NewsCategory.swift in Sources */ = {isa = PBXBuildFile; fileRef = 74F49CA32A828F7200072AFD /* NewsCategory.swift */; };
		74F49CC52A828F7200072AFD /* CryptoSymbol.swift in Sources */ = {isa = PBXBuildFile; fileRef = 74F49CA42A828F7200072AFD /* CryptoSymbol.swift */; };
		74F49CC62A828F7200072AFD /* LiveResponse.swift in Sources */ = {isa = PBXBuildFile; fileRef = 74F49CA52A828F7200072AFD /* LiveResponse.swift */; };
		74F49CC72A828F7200072AFD /* CryptoExchange.swift in Sources */ = {isa = PBXBuildFile; fileRef = 74F49CA62A828F7200072AFD /* CryptoExchange.swift */; };
		74F49CC82A828F7200072AFD /* MarketNews.swift in Sources */ = {isa = PBXBuildFile; fileRef = 74F49CA72A828F7200072AFD /* MarketNews.swift */; };
		74F49CC92A828F7200072AFD /* FDACalendarEvent.swift in Sources */ = {isa = PBXBuildFile; fileRef = 74F49CA82A828F7200072AFD /* FDACalendarEvent.swift */; };
		74F49CCA2A828F7200072AFD /* CompanyProfile.swift in Sources */ = {isa = PBXBuildFile; fileRef = 74F49CA92A828F7200072AFD /* CompanyProfile.swift */; };
		74F49CCB2A828F7200072AFD /* PriceTarget.swift in Sources */ = {isa = PBXBuildFile; fileRef = 74F49CAA2A828F7200072AFD /* PriceTarget.swift */; };
		74F49CCC2A828F7200072AFD /* Split.swift in Sources */ = {isa = PBXBuildFile; fileRef = 74F49CAB2A828F7200072AFD /* Split.swift */; };
		74F49CCD2A828F7200072AFD /* Quote.swift in Sources */ = {isa = PBXBuildFile; fileRef = 74F49CAC2A828F7200072AFD /* Quote.swift */; };
		74F49CCE2A828F7200072AFD /* CompanySymbol.swift in Sources */ = {isa = PBXBuildFile; fileRef = 74F49CAD2A828F7200072AFD /* CompanySymbol.swift */; };
		74F49CCF2A828F7200072AFD /* LiveTrades.swift in Sources */ = {isa = PBXBuildFile; fileRef = 74F49CAE2A828F7200072AFD /* LiveTrades.swift */; };
		74F49CD02A828F7200072AFD /* CovidCaseCount.swift in Sources */ = {isa = PBXBuildFile; fileRef = 74F49CAF2A828F7200072AFD /* CovidCaseCount.swift */; };
		74F49CD12A828F7200072AFD /* AggregateIndicators.swift in Sources */ = {isa = PBXBuildFile; fileRef = 74F49CB02A828F7200072AFD /* AggregateIndicators.swift */; };
		74F49CD22A828F7200072AFD /* Country.swift in Sources */ = {isa = PBXBuildFile; fileRef = 74F49CB12A828F7200072AFD /* Country.swift */; };
		74F49CD32A828F7200072AFD /* NewsSentiment.swift in Sources */ = {isa = PBXBuildFile; fileRef = 74F49CB22A828F7200072AFD /* NewsSentiment.swift */; };
		74F49CD42A828F7200072AFD /* Recommendation.swift in Sources */ = {isa = PBXBuildFile; fileRef = 74F49CB32A828F7200072AFD /* Recommendation.swift */; };
		74F49CD52A828F7200072AFD /* EconomicCalendar.swift in Sources */ = {isa = PBXBuildFile; fileRef = 74F49CB42A828F7200072AFD /* EconomicCalendar.swift */; };
		74F49CD62A828F7200072AFD /* Resolution.swift in Sources */ = {isa = PBXBuildFile; fileRef = 74F49CB52A828F7200072AFD /* Resolution.swift */; };
		74F49CD72A828F7200072AFD /* LivePing.swift in Sources */ = {isa = PBXBuildFile; fileRef = 74F49CB62A828F7200072AFD /* LivePing.swift */; };
		74F49CD82A828F7200072AFD /* Exchange.swift in Sources */ = {isa = PBXBuildFile; fileRef = 74F49CB72A828F7200072AFD /* Exchange.swift */; };
		74F49CD92A828F7200072AFD /* SafeUrl.swift in Sources */ = {isa = PBXBuildFile; fileRef = 74F49CB92A828F7200072AFD /* SafeUrl.swift */; };
		74F49CDA2A828F7200072AFD /* Constants.swift in Sources */ = {isa = PBXBuildFile; fileRef = 74F49CBA2A828F7200072AFD /* Constants.swift */; };
		74F49CDB2A828F7200072AFD /* Mappable.swift in Sources */ = {isa = PBXBuildFile; fileRef = 74F49CBC2A828F7200072AFD /* Mappable.swift */; };
		74F49CDC2A828F7200072AFD /* SocketService.swift in Sources */ = {isa = PBXBuildFile; fileRef = 74F49CBD2A828F7200072AFD /* SocketService.swift */; };
		74F49CDD2A828F7200072AFD /* WebService.swift in Sources */ = {isa = PBXBuildFile; fileRef = 74F49CBE2A828F7200072AFD /* WebService.swift */; };
		74F49CDE2A828F7200072AFD /* FinnhubLiveClient.swift in Sources */ = {isa = PBXBuildFile; fileRef = 74F49CBF2A828F7200072AFD /* FinnhubLiveClient.swift */; };
		74F49CE02A82936B00072AFD /* DataManager.swift in Sources */ = {isa = PBXBuildFile; fileRef = 74F49CDF2A82936B00072AFD /* DataManager.swift */; };
		74F49CE22A8299CB00072AFD /* SymbolCell.swift in Sources */ = {isa = PBXBuildFile; fileRef = 74F49CE12A8299CB00072AFD /* SymbolCell.swift */; };
		74F49CE42A82A77700072AFD /* BasicFinancials.swift in Sources */ = {isa = PBXBuildFile; fileRef = 74F49CE32A82A77700072AFD /* BasicFinancials.swift */; };
		74F49CF62A83DB7C00072AFD /* whitelist.json in Resources */ = {isa = PBXBuildFile; fileRef = 74F49CF52A83DB7C00072AFD /* whitelist.json */; };
		AEA9460D9E38638260EF4832 /* Pods_PriceToEarningsHistoryTests.framework in Frameworks */ = {isa = PBXBuildFile; fileRef = 620C155A0BD235F01FE1F180 /* Pods_PriceToEarningsHistoryTests.framework */; };
		F62BE6C0A5F21A3B84B46EFB /* Pods_PriceToEarningsHistory_PriceToEarningsHistoryUITests.framework in Frameworks */ = {isa = PBXBuildFile; fileRef = 340729EEB00F826ECD025AEA /* Pods_PriceToEarningsHistory_PriceToEarningsHistoryUITests.framework */; };
/* End PBXBuildFile section */

/* Begin PBXContainerItemProxy section */
		74F49C532A8284FD00072AFD /* PBXContainerItemProxy */ = {
			isa = PBXContainerItemProxy;
			containerPortal = 74F49C342A8284FB00072AFD /* Project object */;
			proxyType = 1;
			remoteGlobalIDString = 74F49C3B2A8284FB00072AFD;
			remoteInfo = PriceToEarningsHistory;
		};
		74F49C5D2A8284FD00072AFD /* PBXContainerItemProxy */ = {
			isa = PBXContainerItemProxy;
			containerPortal = 74F49C342A8284FB00072AFD /* Project object */;
			proxyType = 1;
			remoteGlobalIDString = 74F49C3B2A8284FB00072AFD;
			remoteInfo = PriceToEarningsHistory;
		};
/* End PBXContainerItemProxy section */

/* Begin PBXFileReference section */
		2B2414D651C512BC89257D60 /* Pods-PriceToEarningsHistory.debug.xcconfig */ = {isa = PBXFileReference; includeInIndex = 1; lastKnownFileType = text.xcconfig; name = "Pods-PriceToEarningsHistory.debug.xcconfig"; path = "Target Support Files/Pods-PriceToEarningsHistory/Pods-PriceToEarningsHistory.debug.xcconfig"; sourceTree = "<group>"; };
		340729EEB00F826ECD025AEA /* Pods_PriceToEarningsHistory_PriceToEarningsHistoryUITests.framework */ = {isa = PBXFileReference; explicitFileType = wrapper.framework; includeInIndex = 0; path = Pods_PriceToEarningsHistory_PriceToEarningsHistoryUITests.framework; sourceTree = BUILT_PRODUCTS_DIR; };
		44C96765790F2A88BE1C0D56 /* Pods-PriceToEarningsHistory.release.xcconfig */ = {isa = PBXFileReference; includeInIndex = 1; lastKnownFileType = text.xcconfig; name = "Pods-PriceToEarningsHistory.release.xcconfig"; path = "Target Support Files/Pods-PriceToEarningsHistory/Pods-PriceToEarningsHistory.release.xcconfig"; sourceTree = "<group>"; };
		5634EE6D723C34376E70A431 /* Pods-PriceToEarningsHistoryTests.release.xcconfig */ = {isa = PBXFileReference; includeInIndex = 1; lastKnownFileType = text.xcconfig; name = "Pods-PriceToEarningsHistoryTests.release.xcconfig"; path = "Target Support Files/Pods-PriceToEarningsHistoryTests/Pods-PriceToEarningsHistoryTests.release.xcconfig"; sourceTree = "<group>"; };
		620C155A0BD235F01FE1F180 /* Pods_PriceToEarningsHistoryTests.framework */ = {isa = PBXFileReference; explicitFileType = wrapper.framework; includeInIndex = 0; path = Pods_PriceToEarningsHistoryTests.framework; sourceTree = BUILT_PRODUCTS_DIR; };
		74F49C3C2A8284FB00072AFD /* PriceToEarningsHistory.app */ = {isa = PBXFileReference; explicitFileType = wrapper.application; includeInIndex = 0; path = PriceToEarningsHistory.app; sourceTree = BUILT_PRODUCTS_DIR; };
		74F49C3F2A8284FB00072AFD /* AppDelegate.swift */ = {isa = PBXFileReference; lastKnownFileType = sourcecode.swift; path = AppDelegate.swift; sourceTree = "<group>"; };
		74F49C412A8284FB00072AFD /* SceneDelegate.swift */ = {isa = PBXFileReference; lastKnownFileType = sourcecode.swift; path = SceneDelegate.swift; sourceTree = "<group>"; };
		74F49C432A8284FB00072AFD /* SymbolsViewController.swift */ = {isa = PBXFileReference; lastKnownFileType = sourcecode.swift; path = SymbolsViewController.swift; sourceTree = "<group>"; };
		74F49C462A8284FB00072AFD /* Base */ = {isa = PBXFileReference; lastKnownFileType = file.storyboard; name = Base; path = Base.lproj/Main.storyboard; sourceTree = "<group>"; };
		74F49C482A8284FD00072AFD /* Assets.xcassets */ = {isa = PBXFileReference; lastKnownFileType = folder.assetcatalog; path = Assets.xcassets; sourceTree = "<group>"; };
		74F49C4B2A8284FD00072AFD /* Base */ = {isa = PBXFileReference; lastKnownFileType = file.storyboard; name = Base; path = Base.lproj/LaunchScreen.storyboard; sourceTree = "<group>"; };
		74F49C4D2A8284FD00072AFD /* Info.plist */ = {isa = PBXFileReference; lastKnownFileType = text.plist.xml; path = Info.plist; sourceTree = "<group>"; };
		74F49C522A8284FD00072AFD /* PriceToEarningsHistoryTests.xctest */ = {isa = PBXFileReference; explicitFileType = wrapper.cfbundle; includeInIndex = 0; path = PriceToEarningsHistoryTests.xctest; sourceTree = BUILT_PRODUCTS_DIR; };
		74F49C562A8284FD00072AFD /* PriceToEarningsHistoryTests.swift */ = {isa = PBXFileReference; lastKnownFileType = sourcecode.swift; path = PriceToEarningsHistoryTests.swift; sourceTree = "<group>"; };
		74F49C5C2A8284FD00072AFD /* PriceToEarningsHistoryUITests.xctest */ = {isa = PBXFileReference; explicitFileType = wrapper.cfbundle; includeInIndex = 0; path = PriceToEarningsHistoryUITests.xctest; sourceTree = BUILT_PRODUCTS_DIR; };
		74F49C602A8284FD00072AFD /* PriceToEarningsHistoryUITests.swift */ = {isa = PBXFileReference; lastKnownFileType = sourcecode.swift; path = PriceToEarningsHistoryUITests.swift; sourceTree = "<group>"; };
		74F49C622A8284FD00072AFD /* PriceToEarningsHistoryUITestsLaunchTests.swift */ = {isa = PBXFileReference; lastKnownFileType = sourcecode.swift; path = PriceToEarningsHistoryUITestsLaunchTests.swift; sourceTree = "<group>"; };
		74F49C722A828DB600072AFD /* Finnhub-Info.plist */ = {isa = PBXFileReference; lastKnownFileType = text.plist.xml; path = "Finnhub-Info.plist"; sourceTree = "<group>"; };
		74F49C9E2A828F7100072AFD /* FinnhubClient.swift */ = {isa = PBXFileReference; fileEncoding = 4; lastKnownFileType = sourcecode.swift; path = FinnhubClient.swift; sourceTree = "<group>"; };
		74F49CA02A828F7200072AFD /* Trade.swift */ = {isa = PBXFileReference; fileEncoding = 4; lastKnownFileType = sourcecode.swift; path = Trade.swift; sourceTree = "<group>"; };
		74F49CA12A828F7200072AFD /* LiveNews.swift */ = {isa = PBXFileReference; fileEncoding = 4; lastKnownFileType = sourcecode.swift; path = LiveNews.swift; sourceTree = "<group>"; };
		74F49CA22A828F7200072AFD /* CompanySymbolQueryResult.swift */ = {isa = PBXFileReference; fileEncoding = 4; lastKnownFileType = sourcecode.swift; path = CompanySymbolQueryResult.swift; sourceTree = "<group>"; };
		74F49CA32A828F7200072AFD /* NewsCategory.swift */ = {isa = PBXFileReference; fileEncoding = 4; lastKnownFileType = sourcecode.swift; path = NewsCategory.swift; sourceTree = "<group>"; };
		74F49CA42A828F7200072AFD /* CryptoSymbol.swift */ = {isa = PBXFileReference; fileEncoding = 4; lastKnownFileType = sourcecode.swift; path = CryptoSymbol.swift; sourceTree = "<group>"; };
		74F49CA52A828F7200072AFD /* LiveResponse.swift */ = {isa = PBXFileReference; fileEncoding = 4; lastKnownFileType = sourcecode.swift; path = LiveResponse.swift; sourceTree = "<group>"; };
		74F49CA62A828F7200072AFD /* CryptoExchange.swift */ = {isa = PBXFileReference; fileEncoding = 4; lastKnownFileType = sourcecode.swift; path = CryptoExchange.swift; sourceTree = "<group>"; };
		74F49CA72A828F7200072AFD /* MarketNews.swift */ = {isa = PBXFileReference; fileEncoding = 4; lastKnownFileType = sourcecode.swift; path = MarketNews.swift; sourceTree = "<group>"; };
		74F49CA82A828F7200072AFD /* FDACalendarEvent.swift */ = {isa = PBXFileReference; fileEncoding = 4; lastKnownFileType = sourcecode.swift; path = FDACalendarEvent.swift; sourceTree = "<group>"; };
		74F49CA92A828F7200072AFD /* CompanyProfile.swift */ = {isa = PBXFileReference; fileEncoding = 4; lastKnownFileType = sourcecode.swift; path = CompanyProfile.swift; sourceTree = "<group>"; };
		74F49CAA2A828F7200072AFD /* PriceTarget.swift */ = {isa = PBXFileReference; fileEncoding = 4; lastKnownFileType = sourcecode.swift; path = PriceTarget.swift; sourceTree = "<group>"; };
		74F49CAB2A828F7200072AFD /* Split.swift */ = {isa = PBXFileReference; fileEncoding = 4; lastKnownFileType = sourcecode.swift; path = Split.swift; sourceTree = "<group>"; };
		74F49CAC2A828F7200072AFD /* Quote.swift */ = {isa = PBXFileReference; fileEncoding = 4; lastKnownFileType = sourcecode.swift; path = Quote.swift; sourceTree = "<group>"; };
		74F49CAD2A828F7200072AFD /* CompanySymbol.swift */ = {isa = PBXFileReference; fileEncoding = 4; lastKnownFileType = sourcecode.swift; path = CompanySymbol.swift; sourceTree = "<group>"; };
		74F49CAE2A828F7200072AFD /* LiveTrades.swift */ = {isa = PBXFileReference; fileEncoding = 4; lastKnownFileType = sourcecode.swift; path = LiveTrades.swift; sourceTree = "<group>"; };
		74F49CAF2A828F7200072AFD /* CovidCaseCount.swift */ = {isa = PBXFileReference; fileEncoding = 4; lastKnownFileType = sourcecode.swift; path = CovidCaseCount.swift; sourceTree = "<group>"; };
		74F49CB02A828F7200072AFD /* AggregateIndicators.swift */ = {isa = PBXFileReference; fileEncoding = 4; lastKnownFileType = sourcecode.swift; path = AggregateIndicators.swift; sourceTree = "<group>"; };
		74F49CB12A828F7200072AFD /* Country.swift */ = {isa = PBXFileReference; fileEncoding = 4; lastKnownFileType = sourcecode.swift; path = Country.swift; sourceTree = "<group>"; };
		74F49CB22A828F7200072AFD /* NewsSentiment.swift */ = {isa = PBXFileReference; fileEncoding = 4; lastKnownFileType = sourcecode.swift; path = NewsSentiment.swift; sourceTree = "<group>"; };
		74F49CB32A828F7200072AFD /* Recommendation.swift */ = {isa = PBXFileReference; fileEncoding = 4; lastKnownFileType = sourcecode.swift; path = Recommendation.swift; sourceTree = "<group>"; };
		74F49CB42A828F7200072AFD /* EconomicCalendar.swift */ = {isa = PBXFileReference; fileEncoding = 4; lastKnownFileType = sourcecode.swift; path = EconomicCalendar.swift; sourceTree = "<group>"; };
		74F49CB52A828F7200072AFD /* Resolution.swift */ = {isa = PBXFileReference; fileEncoding = 4; lastKnownFileType = sourcecode.swift; path = Resolution.swift; sourceTree = "<group>"; };
		74F49CB62A828F7200072AFD /* LivePing.swift */ = {isa = PBXFileReference; fileEncoding = 4; lastKnownFileType = sourcecode.swift; path = LivePing.swift; sourceTree = "<group>"; };
		74F49CB72A828F7200072AFD /* Exchange.swift */ = {isa = PBXFileReference; fileEncoding = 4; lastKnownFileType = sourcecode.swift; path = Exchange.swift; sourceTree = "<group>"; };
		74F49CB92A828F7200072AFD /* SafeUrl.swift */ = {isa = PBXFileReference; fileEncoding = 4; lastKnownFileType = sourcecode.swift; path = SafeUrl.swift; sourceTree = "<group>"; };
		74F49CBA2A828F7200072AFD /* Constants.swift */ = {isa = PBXFileReference; fileEncoding = 4; lastKnownFileType = sourcecode.swift; path = Constants.swift; sourceTree = "<group>"; };
		74F49CBC2A828F7200072AFD /* Mappable.swift */ = {isa = PBXFileReference; fileEncoding = 4; lastKnownFileType = sourcecode.swift; path = Mappable.swift; sourceTree = "<group>"; };
		74F49CBD2A828F7200072AFD /* SocketService.swift */ = {isa = PBXFileReference; fileEncoding = 4; lastKnownFileType = sourcecode.swift; path = SocketService.swift; sourceTree = "<group>"; };
		74F49CBE2A828F7200072AFD /* WebService.swift */ = {isa = PBXFileReference; fileEncoding = 4; lastKnownFileType = sourcecode.swift; path = WebService.swift; sourceTree = "<group>"; };
		74F49CBF2A828F7200072AFD /* FinnhubLiveClient.swift */ = {isa = PBXFileReference; fileEncoding = 4; lastKnownFileType = sourcecode.swift; path = FinnhubLiveClient.swift; sourceTree = "<group>"; };
		74F49CDF2A82936B00072AFD /* DataManager.swift */ = {isa = PBXFileReference; lastKnownFileType = sourcecode.swift; path = DataManager.swift; sourceTree = "<group>"; };
		74F49CE12A8299CB00072AFD /* SymbolCell.swift */ = {isa = PBXFileReference; lastKnownFileType = sourcecode.swift; path = SymbolCell.swift; sourceTree = "<group>"; };
		74F49CE32A82A77700072AFD /* BasicFinancials.swift */ = {isa = PBXFileReference; lastKnownFileType = sourcecode.swift; path = BasicFinancials.swift; sourceTree = "<group>"; };
		74F49CF52A83DB7C00072AFD /* whitelist.json */ = {isa = PBXFileReference; fileEncoding = 4; lastKnownFileType = text.json; path = whitelist.json; sourceTree = "<group>"; };
		799FBEB8745CF93F600A5218 /* Pods-PriceToEarningsHistory-PriceToEarningsHistoryUITests.release.xcconfig */ = {isa = PBXFileReference; includeInIndex = 1; lastKnownFileType = text.xcconfig; name = "Pods-PriceToEarningsHistory-PriceToEarningsHistoryUITests.release.xcconfig"; path = "Target Support Files/Pods-PriceToEarningsHistory-PriceToEarningsHistoryUITests/Pods-PriceToEarningsHistory-PriceToEarningsHistoryUITests.release.xcconfig"; sourceTree = "<group>"; };
		8AADB26A863BC3A65E2189EA /* Pods_PriceToEarningsHistory.framework */ = {isa = PBXFileReference; explicitFileType = wrapper.framework; includeInIndex = 0; path = Pods_PriceToEarningsHistory.framework; sourceTree = BUILT_PRODUCTS_DIR; };
		BB995CCAA200D42DD76DAD99 /* Pods-PriceToEarningsHistory-PriceToEarningsHistoryUITests.debug.xcconfig */ = {isa = PBXFileReference; includeInIndex = 1; lastKnownFileType = text.xcconfig; name = "Pods-PriceToEarningsHistory-PriceToEarningsHistoryUITests.debug.xcconfig"; path = "Target Support Files/Pods-PriceToEarningsHistory-PriceToEarningsHistoryUITests/Pods-PriceToEarningsHistory-PriceToEarningsHistoryUITests.debug.xcconfig"; sourceTree = "<group>"; };
		D891F7F8CEA3CE925BFD5259 /* Pods-PriceToEarningsHistoryTests.debug.xcconfig */ = {isa = PBXFileReference; includeInIndex = 1; lastKnownFileType = text.xcconfig; name = "Pods-PriceToEarningsHistoryTests.debug.xcconfig"; path = "Target Support Files/Pods-PriceToEarningsHistoryTests/Pods-PriceToEarningsHistoryTests.debug.xcconfig"; sourceTree = "<group>"; };
/* End PBXFileReference section */

/* Begin PBXFrameworksBuildPhase section */
		74F49C392A8284FB00072AFD /* Frameworks */ = {
			isa = PBXFrameworksBuildPhase;
			buildActionMask = 2147483647;
			files = (
				0507A97E4B576707028D6A8B /* Pods_PriceToEarningsHistory.framework in Frameworks */,
			);
			runOnlyForDeploymentPostprocessing = 0;
		};
		74F49C4F2A8284FD00072AFD /* Frameworks */ = {
			isa = PBXFrameworksBuildPhase;
			buildActionMask = 2147483647;
			files = (
				AEA9460D9E38638260EF4832 /* Pods_PriceToEarningsHistoryTests.framework in Frameworks */,
			);
			runOnlyForDeploymentPostprocessing = 0;
		};
		74F49C592A8284FD00072AFD /* Frameworks */ = {
			isa = PBXFrameworksBuildPhase;
			buildActionMask = 2147483647;
			files = (
				F62BE6C0A5F21A3B84B46EFB /* Pods_PriceToEarningsHistory_PriceToEarningsHistoryUITests.framework in Frameworks */,
			);
			runOnlyForDeploymentPostprocessing = 0;
		};
/* End PBXFrameworksBuildPhase section */

/* Begin PBXGroup section */
		142C2BDA2427F548A63F8BB3 /* Frameworks */ = {
			isa = PBXGroup;
			children = (
				8AADB26A863BC3A65E2189EA /* Pods_PriceToEarningsHistory.framework */,
				340729EEB00F826ECD025AEA /* Pods_PriceToEarningsHistory_PriceToEarningsHistoryUITests.framework */,
				620C155A0BD235F01FE1F180 /* Pods_PriceToEarningsHistoryTests.framework */,
			);
			name = Frameworks;
			sourceTree = "<group>";
		};
		74F49C332A8284FB00072AFD = {
			isa = PBXGroup;
			children = (
				74F49C3E2A8284FB00072AFD /* PriceToEarningsHistory */,
				74F49C552A8284FD00072AFD /* PriceToEarningsHistoryTests */,
				74F49C5F2A8284FD00072AFD /* PriceToEarningsHistoryUITests */,
				74F49C3D2A8284FB00072AFD /* Products */,
				D436A4F9F9CAF3FE3B5CFECE /* Pods */,
				142C2BDA2427F548A63F8BB3 /* Frameworks */,
			);
			sourceTree = "<group>";
		};
		74F49C3D2A8284FB00072AFD /* Products */ = {
			isa = PBXGroup;
			children = (
				74F49C3C2A8284FB00072AFD /* PriceToEarningsHistory.app */,
				74F49C522A8284FD00072AFD /* PriceToEarningsHistoryTests.xctest */,
				74F49C5C2A8284FD00072AFD /* PriceToEarningsHistoryUITests.xctest */,
			);
			name = Products;
			sourceTree = "<group>";
		};
		74F49C3E2A8284FB00072AFD /* PriceToEarningsHistory */ = {
			isa = PBXGroup;
			children = (
				74F49C3F2A8284FB00072AFD /* AppDelegate.swift */,
				74F49C412A8284FB00072AFD /* SceneDelegate.swift */,
				74F49C432A8284FB00072AFD /* SymbolsViewController.swift */,
				74F49CDF2A82936B00072AFD /* DataManager.swift */,
				74F49CE12A8299CB00072AFD /* SymbolCell.swift */,
				74F49CF52A83DB7C00072AFD /* whitelist.json */,
				74F49C452A8284FB00072AFD /* Main.storyboard */,
				74F49C482A8284FD00072AFD /* Assets.xcassets */,
				74F49C4A2A8284FD00072AFD /* LaunchScreen.storyboard */,
				74F49C4D2A8284FD00072AFD /* Info.plist */,
				74F49C722A828DB600072AFD /* Finnhub-Info.plist */,
				74F49C742A828EBF00072AFD /* Frameworks */,
			);
			path = PriceToEarningsHistory;
			sourceTree = "<group>";
		};
		74F49C552A8284FD00072AFD /* PriceToEarningsHistoryTests */ = {
			isa = PBXGroup;
			children = (
				74F49C562A8284FD00072AFD /* PriceToEarningsHistoryTests.swift */,
			);
			path = PriceToEarningsHistoryTests;
			sourceTree = "<group>";
		};
		74F49C5F2A8284FD00072AFD /* PriceToEarningsHistoryUITests */ = {
			isa = PBXGroup;
			children = (
				74F49C602A8284FD00072AFD /* PriceToEarningsHistoryUITests.swift */,
				74F49C622A8284FD00072AFD /* PriceToEarningsHistoryUITestsLaunchTests.swift */,
			);
			path = PriceToEarningsHistoryUITests;
			sourceTree = "<group>";
		};
		74F49C742A828EBF00072AFD /* Frameworks */ = {
			isa = PBXGroup;
			children = (
				74F49C9D2A828F6300072AFD /* FinnhubSwift */,
			);
			path = Frameworks;
			sourceTree = "<group>";
		};
		74F49C9D2A828F6300072AFD /* FinnhubSwift */ = {
			isa = PBXGroup;
			children = (
				74F49CBA2A828F7200072AFD /* Constants.swift */,
				74F49C9E2A828F7100072AFD /* FinnhubClient.swift */,
				74F49CBF2A828F7200072AFD /* FinnhubLiveClient.swift */,
				74F49CB82A828F7200072AFD /* Helpers */,
				74F49C9F2A828F7200072AFD /* Models */,
				74F49CBB2A828F7200072AFD /* Protocols */,
				74F49CBD2A828F7200072AFD /* SocketService.swift */,
				74F49CBE2A828F7200072AFD /* WebService.swift */,
			);
			path = FinnhubSwift;
			sourceTree = "<group>";
		};
		74F49C9F2A828F7200072AFD /* Models */ = {
			isa = PBXGroup;
			children = (
				74F49CA02A828F7200072AFD /* Trade.swift */,
				74F49CA12A828F7200072AFD /* LiveNews.swift */,
				74F49CA22A828F7200072AFD /* CompanySymbolQueryResult.swift */,
				74F49CA32A828F7200072AFD /* NewsCategory.swift */,
				74F49CA42A828F7200072AFD /* CryptoSymbol.swift */,
				74F49CA52A828F7200072AFD /* LiveResponse.swift */,
				74F49CA62A828F7200072AFD /* CryptoExchange.swift */,
				74F49CA72A828F7200072AFD /* MarketNews.swift */,
				74F49CA82A828F7200072AFD /* FDACalendarEvent.swift */,
				74F49CA92A828F7200072AFD /* CompanyProfile.swift */,
				74F49CAA2A828F7200072AFD /* PriceTarget.swift */,
				74F49CAB2A828F7200072AFD /* Split.swift */,
				74F49CAC2A828F7200072AFD /* Quote.swift */,
				74F49CAD2A828F7200072AFD /* CompanySymbol.swift */,
				74F49CE32A82A77700072AFD /* BasicFinancials.swift */,
				74F49CAE2A828F7200072AFD /* LiveTrades.swift */,
				74F49CAF2A828F7200072AFD /* CovidCaseCount.swift */,
				74F49CB02A828F7200072AFD /* AggregateIndicators.swift */,
				74F49CB12A828F7200072AFD /* Country.swift */,
				74F49CB22A828F7200072AFD /* NewsSentiment.swift */,
				74F49CB32A828F7200072AFD /* Recommendation.swift */,
				74F49CB42A828F7200072AFD /* EconomicCalendar.swift */,
				74F49CB52A828F7200072AFD /* Resolution.swift */,
				74F49CB62A828F7200072AFD /* LivePing.swift */,
				74F49CB72A828F7200072AFD /* Exchange.swift */,
			);
			path = Models;
			sourceTree = "<group>";
		};
		74F49CB82A828F7200072AFD /* Helpers */ = {
			isa = PBXGroup;
			children = (
				74F49CB92A828F7200072AFD /* SafeUrl.swift */,
			);
			path = Helpers;
			sourceTree = "<group>";
		};
		74F49CBB2A828F7200072AFD /* Protocols */ = {
			isa = PBXGroup;
			children = (
				74F49CBC2A828F7200072AFD /* Mappable.swift */,
			);
			path = Protocols;
			sourceTree = "<group>";
		};
		D436A4F9F9CAF3FE3B5CFECE /* Pods */ = {
			isa = PBXGroup;
			children = (
				2B2414D651C512BC89257D60 /* Pods-PriceToEarningsHistory.debug.xcconfig */,
				44C96765790F2A88BE1C0D56 /* Pods-PriceToEarningsHistory.release.xcconfig */,
				BB995CCAA200D42DD76DAD99 /* Pods-PriceToEarningsHistory-PriceToEarningsHistoryUITests.debug.xcconfig */,
				799FBEB8745CF93F600A5218 /* Pods-PriceToEarningsHistory-PriceToEarningsHistoryUITests.release.xcconfig */,
				D891F7F8CEA3CE925BFD5259 /* Pods-PriceToEarningsHistoryTests.debug.xcconfig */,
				5634EE6D723C34376E70A431 /* Pods-PriceToEarningsHistoryTests.release.xcconfig */,
			);
			path = Pods;
			sourceTree = "<group>";
		};
/* End PBXGroup section */

/* Begin PBXNativeTarget section */
		74F49C3B2A8284FB00072AFD /* PriceToEarningsHistory */ = {
			isa = PBXNativeTarget;
			buildConfigurationList = 74F49C662A8284FD00072AFD /* Build configuration list for PBXNativeTarget "PriceToEarningsHistory" */;
			buildPhases = (
				6BB8E03B0F79C3DA9373F743 /* [CP] Check Pods Manifest.lock */,
				74F49C382A8284FB00072AFD /* Sources */,
				74F49C392A8284FB00072AFD /* Frameworks */,
				74F49C3A2A8284FB00072AFD /* Resources */,
			);
			buildRules = (
			);
			dependencies = (
			);
			name = PriceToEarningsHistory;
			productName = PriceToEarningsHistory;
			productReference = 74F49C3C2A8284FB00072AFD /* PriceToEarningsHistory.app */;
			productType = "com.apple.product-type.application";
		};
		74F49C512A8284FD00072AFD /* PriceToEarningsHistoryTests */ = {
			isa = PBXNativeTarget;
			buildConfigurationList = 74F49C692A8284FD00072AFD /* Build configuration list for PBXNativeTarget "PriceToEarningsHistoryTests" */;
			buildPhases = (
				0B20017F4BCAF2E29DD6FC9E /* [CP] Check Pods Manifest.lock */,
				74F49C4E2A8284FD00072AFD /* Sources */,
				74F49C4F2A8284FD00072AFD /* Frameworks */,
				74F49C502A8284FD00072AFD /* Resources */,
			);
			buildRules = (
			);
			dependencies = (
				74F49C542A8284FD00072AFD /* PBXTargetDependency */,
			);
			name = PriceToEarningsHistoryTests;
			productName = PriceToEarningsHistoryTests;
			productReference = 74F49C522A8284FD00072AFD /* PriceToEarningsHistoryTests.xctest */;
			productType = "com.apple.product-type.bundle.unit-test";
		};
		74F49C5B2A8284FD00072AFD /* PriceToEarningsHistoryUITests */ = {
			isa = PBXNativeTarget;
			buildConfigurationList = 74F49C6C2A8284FD00072AFD /* Build configuration list for PBXNativeTarget "PriceToEarningsHistoryUITests" */;
			buildPhases = (
				BB1EBD653D18A32EC3F1FA52 /* [CP] Check Pods Manifest.lock */,
				74F49C582A8284FD00072AFD /* Sources */,
				74F49C592A8284FD00072AFD /* Frameworks */,
				74F49C5A2A8284FD00072AFD /* Resources */,
			);
			buildRules = (
			);
			dependencies = (
				74F49C5E2A8284FD00072AFD /* PBXTargetDependency */,
			);
			name = PriceToEarningsHistoryUITests;
			productName = PriceToEarningsHistoryUITests;
			productReference = 74F49C5C2A8284FD00072AFD /* PriceToEarningsHistoryUITests.xctest */;
			productType = "com.apple.product-type.bundle.ui-testing";
		};
/* End PBXNativeTarget section */

/* Begin PBXProject section */
		74F49C342A8284FB00072AFD /* Project object */ = {
			isa = PBXProject;
			attributes = {
				BuildIndependentTargetsInParallel = 1;
				LastSwiftUpdateCheck = 1340;
				LastUpgradeCheck = 1340;
				TargetAttributes = {
					74F49C3B2A8284FB00072AFD = {
						CreatedOnToolsVersion = 13.4.1;
					};
					74F49C512A8284FD00072AFD = {
						CreatedOnToolsVersion = 13.4.1;
						TestTargetID = 74F49C3B2A8284FB00072AFD;
					};
					74F49C5B2A8284FD00072AFD = {
						CreatedOnToolsVersion = 13.4.1;
						TestTargetID = 74F49C3B2A8284FB00072AFD;
					};
				};
			};
			buildConfigurationList = 74F49C372A8284FB00072AFD /* Build configuration list for PBXProject "PriceToEarningsHistory" */;
			compatibilityVersion = "Xcode 13.0";
			developmentRegion = en;
			hasScannedForEncodings = 0;
			knownRegions = (
				en,
				Base,
			);
			mainGroup = 74F49C332A8284FB00072AFD;
			productRefGroup = 74F49C3D2A8284FB00072AFD /* Products */;
			projectDirPath = "";
			projectRoot = "";
			targets = (
				74F49C3B2A8284FB00072AFD /* PriceToEarningsHistory */,
				74F49C512A8284FD00072AFD /* PriceToEarningsHistoryTests */,
				74F49C5B2A8284FD00072AFD /* PriceToEarningsHistoryUITests */,
			);
		};
/* End PBXProject section */

/* Begin PBXResourcesBuildPhase section */
		74F49C3A2A8284FB00072AFD /* Resources */ = {
			isa = PBXResourcesBuildPhase;
			buildActionMask = 2147483647;
			files = (
				74F49C732A828DB600072AFD /* Finnhub-Info.plist in Resources */,
				74F49C4C2A8284FD00072AFD /* LaunchScreen.storyboard in Resources */,
				74F49C492A8284FD00072AFD /* Assets.xcassets in Resources */,
				74F49C472A8284FB00072AFD /* Main.storyboard in Resources */,
				74F49CF62A83DB7C00072AFD /* whitelist.json in Resources */,
			);
			runOnlyForDeploymentPostprocessing = 0;
		};
		74F49C502A8284FD00072AFD /* Resources */ = {
			isa = PBXResourcesBuildPhase;
			buildActionMask = 2147483647;
			files = (
			);
			runOnlyForDeploymentPostprocessing = 0;
		};
		74F49C5A2A8284FD00072AFD /* Resources */ = {
			isa = PBXResourcesBuildPhase;
			buildActionMask = 2147483647;
			files = (
			);
			runOnlyForDeploymentPostprocessing = 0;
		};
/* End PBXResourcesBuildPhase section */

/* Begin PBXShellScriptBuildPhase section */
		0B20017F4BCAF2E29DD6FC9E /* [CP] Check Pods Manifest.lock */ = {
			isa = PBXShellScriptBuildPhase;
			buildActionMask = 2147483647;
			files = (
			);
			inputFileListPaths = (
			);
			inputPaths = (
				"${PODS_PODFILE_DIR_PATH}/Podfile.lock",
				"${PODS_ROOT}/Manifest.lock",
			);
			name = "[CP] Check Pods Manifest.lock";
			outputFileListPaths = (
			);
			outputPaths = (
				"$(DERIVED_FILE_DIR)/Pods-PriceToEarningsHistoryTests-checkManifestLockResult.txt",
			);
			runOnlyForDeploymentPostprocessing = 0;
			shellPath = /bin/sh;
			shellScript = "diff \"${PODS_PODFILE_DIR_PATH}/Podfile.lock\" \"${PODS_ROOT}/Manifest.lock\" > /dev/null\nif [ $? != 0 ] ; then\n    # print error to STDERR\n    echo \"error: The sandbox is not in sync with the Podfile.lock. Run 'pod install' or update your CocoaPods installation.\" >&2\n    exit 1\nfi\n# This output is used by Xcode 'outputs' to avoid re-running this script phase.\necho \"SUCCESS\" > \"${SCRIPT_OUTPUT_FILE_0}\"\n";
			showEnvVarsInLog = 0;
		};
		6BB8E03B0F79C3DA9373F743 /* [CP] Check Pods Manifest.lock */ = {
			isa = PBXShellScriptBuildPhase;
			buildActionMask = 2147483647;
			files = (
			);
			inputFileListPaths = (
			);
			inputPaths = (
				"${PODS_PODFILE_DIR_PATH}/Podfile.lock",
				"${PODS_ROOT}/Manifest.lock",
			);
			name = "[CP] Check Pods Manifest.lock";
			outputFileListPaths = (
			);
			outputPaths = (
				"$(DERIVED_FILE_DIR)/Pods-PriceToEarningsHistory-checkManifestLockResult.txt",
			);
			runOnlyForDeploymentPostprocessing = 0;
			shellPath = /bin/sh;
			shellScript = "diff \"${PODS_PODFILE_DIR_PATH}/Podfile.lock\" \"${PODS_ROOT}/Manifest.lock\" > /dev/null\nif [ $? != 0 ] ; then\n    # print error to STDERR\n    echo \"error: The sandbox is not in sync with the Podfile.lock. Run 'pod install' or update your CocoaPods installation.\" >&2\n    exit 1\nfi\n# This output is used by Xcode 'outputs' to avoid re-running this script phase.\necho \"SUCCESS\" > \"${SCRIPT_OUTPUT_FILE_0}\"\n";
			showEnvVarsInLog = 0;
		};
		BB1EBD653D18A32EC3F1FA52 /* [CP] Check Pods Manifest.lock */ = {
			isa = PBXShellScriptBuildPhase;
			buildActionMask = 2147483647;
			files = (
			);
			inputFileListPaths = (
			);
			inputPaths = (
				"${PODS_PODFILE_DIR_PATH}/Podfile.lock",
				"${PODS_ROOT}/Manifest.lock",
			);
			name = "[CP] Check Pods Manifest.lock";
			outputFileListPaths = (
			);
			outputPaths = (
				"$(DERIVED_FILE_DIR)/Pods-PriceToEarningsHistory-PriceToEarningsHistoryUITests-checkManifestLockResult.txt",
			);
			runOnlyForDeploymentPostprocessing = 0;
			shellPath = /bin/sh;
			shellScript = "diff \"${PODS_PODFILE_DIR_PATH}/Podfile.lock\" \"${PODS_ROOT}/Manifest.lock\" > /dev/null\nif [ $? != 0 ] ; then\n    # print error to STDERR\n    echo \"error: The sandbox is not in sync with the Podfile.lock. Run 'pod install' or update your CocoaPods installation.\" >&2\n    exit 1\nfi\n# This output is used by Xcode 'outputs' to avoid re-running this script phase.\necho \"SUCCESS\" > \"${SCRIPT_OUTPUT_FILE_0}\"\n";
			showEnvVarsInLog = 0;
		};
/* End PBXShellScriptBuildPhase section */

/* Begin PBXSourcesBuildPhase section */
		74F49C382A8284FB00072AFD /* Sources */ = {
			isa = PBXSourcesBuildPhase;
			buildActionMask = 2147483647;
			files = (
				74F49CDD2A828F7200072AFD /* WebService.swift in Sources */,
				74F49CC62A828F7200072AFD /* LiveResponse.swift in Sources */,
				74F49CCA2A828F7200072AFD /* CompanyProfile.swift in Sources */,
				74F49CCC2A828F7200072AFD /* Split.swift in Sources */,
				74F49CC42A828F7200072AFD /* NewsCategory.swift in Sources */,
				74F49CC12A828F7200072AFD /* Trade.swift in Sources */,
				74F49CDB2A828F7200072AFD /* Mappable.swift in Sources */,
				74F49CDA2A828F7200072AFD /* Constants.swift in Sources */,
				74F49CD02A828F7200072AFD /* CovidCaseCount.swift in Sources */,
				74F49CDC2A828F7200072AFD /* SocketService.swift in Sources */,
				74F49C442A8284FB00072AFD /* SymbolsViewController.swift in Sources */,
				74F49CC92A828F7200072AFD /* FDACalendarEvent.swift in Sources */,
				74F49CC52A828F7200072AFD /* CryptoSymbol.swift in Sources */,
				74F49CE22A8299CB00072AFD /* SymbolCell.swift in Sources */,
				74F49C402A8284FB00072AFD /* AppDelegate.swift in Sources */,
				74F49CD72A828F7200072AFD /* LivePing.swift in Sources */,
				74F49CD12A828F7200072AFD /* AggregateIndicators.swift in Sources */,
				74F49C422A8284FB00072AFD /* SceneDelegate.swift in Sources */,
				74F49CD42A828F7200072AFD /* Recommendation.swift in Sources */,
				74F49CC22A828F7200072AFD /* LiveNews.swift in Sources */,
				74F49CCD2A828F7200072AFD /* Quote.swift in Sources */,
				74F49CD62A828F7200072AFD /* Resolution.swift in Sources */,
				74F49CC82A828F7200072AFD /* MarketNews.swift in Sources */,
				74F49CE42A82A77700072AFD /* BasicFinancials.swift in Sources */,
				74F49CCB2A828F7200072AFD /* PriceTarget.swift in Sources */,
				74F49CC32A828F7200072AFD /* CompanySymbolQueryResult.swift in Sources */,
				74F49CD82A828F7200072AFD /* Exchange.swift in Sources */,
				74F49CD92A828F7200072AFD /* SafeUrl.swift in Sources */,
				74F49CD52A828F7200072AFD /* EconomicCalendar.swift in Sources */,
				74F49CCE2A828F7200072AFD /* CompanySymbol.swift in Sources */,
				74F49CD22A828F7200072AFD /* Country.swift in Sources */,
				74F49CC72A828F7200072AFD /* CryptoExchange.swift in Sources */,
				74F49CC02A828F7200072AFD /* FinnhubClient.swift in Sources */,
				74F49CE02A82936B00072AFD /* DataManager.swift in Sources */,
				74F49CCF2A828F7200072AFD /* LiveTrades.swift in Sources */,
				74F49CD32A828F7200072AFD /* NewsSentiment.swift in Sources */,
				74F49CDE2A828F7200072AFD /* FinnhubLiveClient.swift in Sources */,
			);
			runOnlyForDeploymentPostprocessing = 0;
		};
		74F49C4E2A8284FD00072AFD /* Sources */ = {
			isa = PBXSourcesBuildPhase;
			buildActionMask = 2147483647;
			files = (
				74F49C572A8284FD00072AFD /* PriceToEarningsHistoryTests.swift in Sources */,
			);
			runOnlyForDeploymentPostprocessing = 0;
		};
		74F49C582A8284FD00072AFD /* Sources */ = {
			isa = PBXSourcesBuildPhase;
			buildActionMask = 2147483647;
			files = (
				74F49C612A8284FD00072AFD /* PriceToEarningsHistoryUITests.swift in Sources */,
				74F49C632A8284FD00072AFD /* PriceToEarningsHistoryUITestsLaunchTests.swift in Sources */,
			);
			runOnlyForDeploymentPostprocessing = 0;
		};
/* End PBXSourcesBuildPhase section */

/* Begin PBXTargetDependency section */
		74F49C542A8284FD00072AFD /* PBXTargetDependency */ = {
			isa = PBXTargetDependency;
			target = 74F49C3B2A8284FB00072AFD /* PriceToEarningsHistory */;
			targetProxy = 74F49C532A8284FD00072AFD /* PBXContainerItemProxy */;
		};
		74F49C5E2A8284FD00072AFD /* PBXTargetDependency */ = {
			isa = PBXTargetDependency;
			target = 74F49C3B2A8284FB00072AFD /* PriceToEarningsHistory */;
			targetProxy = 74F49C5D2A8284FD00072AFD /* PBXContainerItemProxy */;
		};
/* End PBXTargetDependency section */

/* Begin PBXVariantGroup section */
		74F49C452A8284FB00072AFD /* Main.storyboard */ = {
			isa = PBXVariantGroup;
			children = (
				74F49C462A8284FB00072AFD /* Base */,
			);
			name = Main.storyboard;
			sourceTree = "<group>";
		};
		74F49C4A2A8284FD00072AFD /* LaunchScreen.storyboard */ = {
			isa = PBXVariantGroup;
			children = (
				74F49C4B2A8284FD00072AFD /* Base */,
			);
			name = LaunchScreen.storyboard;
			sourceTree = "<group>";
		};
/* End PBXVariantGroup section */

/* Begin XCBuildConfiguration section */
		74F49C642A8284FD00072AFD /* Debug */ = {
			isa = XCBuildConfiguration;
			buildSettings = {
				ALWAYS_SEARCH_USER_PATHS = NO;
				CLANG_ANALYZER_NONNULL = YES;
				CLANG_ANALYZER_NUMBER_OBJECT_CONVERSION = YES_AGGRESSIVE;
				CLANG_CXX_LANGUAGE_STANDARD = "gnu++17";
				CLANG_ENABLE_MODULES = YES;
				CLANG_ENABLE_OBJC_ARC = YES;
				CLANG_ENABLE_OBJC_WEAK = YES;
				CLANG_WARN_BLOCK_CAPTURE_AUTORELEASING = YES;
				CLANG_WARN_BOOL_CONVERSION = YES;
				CLANG_WARN_COMMA = YES;
				CLANG_WARN_CONSTANT_CONVERSION = YES;
				CLANG_WARN_DEPRECATED_OBJC_IMPLEMENTATIONS = YES;
				CLANG_WARN_DIRECT_OBJC_ISA_USAGE = YES_ERROR;
				CLANG_WARN_DOCUMENTATION_COMMENTS = YES;
				CLANG_WARN_EMPTY_BODY = YES;
				CLANG_WARN_ENUM_CONVERSION = YES;
				CLANG_WARN_INFINITE_RECURSION = YES;
				CLANG_WARN_INT_CONVERSION = YES;
				CLANG_WARN_NON_LITERAL_NULL_CONVERSION = YES;
				CLANG_WARN_OBJC_IMPLICIT_RETAIN_SELF = YES;
				CLANG_WARN_OBJC_LITERAL_CONVERSION = YES;
				CLANG_WARN_OBJC_ROOT_CLASS = YES_ERROR;
				CLANG_WARN_QUOTED_INCLUDE_IN_FRAMEWORK_HEADER = YES;
				CLANG_WARN_RANGE_LOOP_ANALYSIS = YES;
				CLANG_WARN_STRICT_PROTOTYPES = YES;
				CLANG_WARN_SUSPICIOUS_MOVE = YES;
				CLANG_WARN_UNGUARDED_AVAILABILITY = YES_AGGRESSIVE;
				CLANG_WARN_UNREACHABLE_CODE = YES;
				CLANG_WARN__DUPLICATE_METHOD_MATCH = YES;
				COPY_PHASE_STRIP = NO;
				DEBUG_INFORMATION_FORMAT = dwarf;
				ENABLE_STRICT_OBJC_MSGSEND = YES;
				ENABLE_TESTABILITY = YES;
				GCC_C_LANGUAGE_STANDARD = gnu11;
				GCC_DYNAMIC_NO_PIC = NO;
				GCC_NO_COMMON_BLOCKS = YES;
				GCC_OPTIMIZATION_LEVEL = 0;
				GCC_PREPROCESSOR_DEFINITIONS = (
					"DEBUG=1",
					"$(inherited)",
				);
				GCC_WARN_64_TO_32_BIT_CONVERSION = YES;
				GCC_WARN_ABOUT_RETURN_TYPE = YES_ERROR;
				GCC_WARN_UNDECLARED_SELECTOR = YES;
				GCC_WARN_UNINITIALIZED_AUTOS = YES_AGGRESSIVE;
				GCC_WARN_UNUSED_FUNCTION = YES;
				GCC_WARN_UNUSED_VARIABLE = YES;
				IPHONEOS_DEPLOYMENT_TARGET = 15.5;
				MTL_ENABLE_DEBUG_INFO = INCLUDE_SOURCE;
				MTL_FAST_MATH = YES;
				ONLY_ACTIVE_ARCH = YES;
				SDKROOT = iphoneos;
				SWIFT_ACTIVE_COMPILATION_CONDITIONS = DEBUG;
				SWIFT_OPTIMIZATION_LEVEL = "-Onone";
			};
			name = Debug;
		};
		74F49C652A8284FD00072AFD /* Release */ = {
			isa = XCBuildConfiguration;
			buildSettings = {
				ALWAYS_SEARCH_USER_PATHS = NO;
				CLANG_ANALYZER_NONNULL = YES;
				CLANG_ANALYZER_NUMBER_OBJECT_CONVERSION = YES_AGGRESSIVE;
				CLANG_CXX_LANGUAGE_STANDARD = "gnu++17";
				CLANG_ENABLE_MODULES = YES;
				CLANG_ENABLE_OBJC_ARC = YES;
				CLANG_ENABLE_OBJC_WEAK = YES;
				CLANG_WARN_BLOCK_CAPTURE_AUTORELEASING = YES;
				CLANG_WARN_BOOL_CONVERSION = YES;
				CLANG_WARN_COMMA = YES;
				CLANG_WARN_CONSTANT_CONVERSION = YES;
				CLANG_WARN_DEPRECATED_OBJC_IMPLEMENTATIONS = YES;
				CLANG_WARN_DIRECT_OBJC_ISA_USAGE = YES_ERROR;
				CLANG_WARN_DOCUMENTATION_COMMENTS = YES;
				CLANG_WARN_EMPTY_BODY = YES;
				CLANG_WARN_ENUM_CONVERSION = YES;
				CLANG_WARN_INFINITE_RECURSION = YES;
				CLANG_WARN_INT_CONVERSION = YES;
				CLANG_WARN_NON_LITERAL_NULL_CONVERSION = YES;
				CLANG_WARN_OBJC_IMPLICIT_RETAIN_SELF = YES;
				CLANG_WARN_OBJC_LITERAL_CONVERSION = YES;
				CLANG_WARN_OBJC_ROOT_CLASS = YES_ERROR;
				CLANG_WARN_QUOTED_INCLUDE_IN_FRAMEWORK_HEADER = YES;
				CLANG_WARN_RANGE_LOOP_ANALYSIS = YES;
				CLANG_WARN_STRICT_PROTOTYPES = YES;
				CLANG_WARN_SUSPICIOUS_MOVE = YES;
				CLANG_WARN_UNGUARDED_AVAILABILITY = YES_AGGRESSIVE;
				CLANG_WARN_UNREACHABLE_CODE = YES;
				CLANG_WARN__DUPLICATE_METHOD_MATCH = YES;
				COPY_PHASE_STRIP = NO;
				DEBUG_INFORMATION_FORMAT = "dwarf-with-dsym";
				ENABLE_NS_ASSERTIONS = NO;
				ENABLE_STRICT_OBJC_MSGSEND = YES;
				GCC_C_LANGUAGE_STANDARD = gnu11;
				GCC_NO_COMMON_BLOCKS = YES;
				GCC_WARN_64_TO_32_BIT_CONVERSION = YES;
				GCC_WARN_ABOUT_RETURN_TYPE = YES_ERROR;
				GCC_WARN_UNDECLARED_SELECTOR = YES;
				GCC_WARN_UNINITIALIZED_AUTOS = YES_AGGRESSIVE;
				GCC_WARN_UNUSED_FUNCTION = YES;
				GCC_WARN_UNUSED_VARIABLE = YES;
				IPHONEOS_DEPLOYMENT_TARGET = 15.5;
				MTL_ENABLE_DEBUG_INFO = NO;
				MTL_FAST_MATH = YES;
				SDKROOT = iphoneos;
				SWIFT_COMPILATION_MODE = wholemodule;
				SWIFT_OPTIMIZATION_LEVEL = "-O";
				VALIDATE_PRODUCT = YES;
			};
			name = Release;
		};
		74F49C672A8284FD00072AFD /* Debug */ = {
			isa = XCBuildConfiguration;
			baseConfigurationReference = 2B2414D651C512BC89257D60 /* Pods-PriceToEarningsHistory.debug.xcconfig */;
			buildSettings = {
				ASSETCATALOG_COMPILER_APPICON_NAME = AppIcon;
				ASSETCATALOG_COMPILER_GLOBAL_ACCENT_COLOR_NAME = AccentColor;
				CODE_SIGN_IDENTITY = "Apple Development";
				CODE_SIGN_STYLE = Automatic;
				CURRENT_PROJECT_VERSION = 1;
				DEVELOPMENT_TEAM = H64Q29NA74;
				GENERATE_INFOPLIST_FILE = YES;
				INFOPLIST_FILE = PriceToEarningsHistory/Info.plist;
				INFOPLIST_KEY_CFBundleDisplayName = P2E;
				INFOPLIST_KEY_UIApplicationSupportsIndirectInputEvents = YES;
				INFOPLIST_KEY_UILaunchStoryboardName = LaunchScreen;
				INFOPLIST_KEY_UIMainStoryboardFile = Main;
				INFOPLIST_KEY_UISupportedInterfaceOrientations_iPad = "UIInterfaceOrientationPortrait UIInterfaceOrientationPortraitUpsideDown UIInterfaceOrientationLandscapeLeft UIInterfaceOrientationLandscapeRight";
				INFOPLIST_KEY_UISupportedInterfaceOrientations_iPhone = "UIInterfaceOrientationPortrait UIInterfaceOrientationLandscapeLeft UIInterfaceOrientationLandscapeRight";
				INFOPLIST_KEY_UIUserInterfaceStyle = Light;
				IPHONEOS_DEPLOYMENT_TARGET = 15.2;
				LD_RUNPATH_SEARCH_PATHS = (
					"$(inherited)",
					"@executable_path/Frameworks",
				);
				MARKETING_VERSION = 1.0;
				PRODUCT_BUNDLE_IDENTIFIER = com.mykola.mykhailishyn.PriceToEarnings;
				PRODUCT_NAME = "$(TARGET_NAME)";
				PROVISIONING_PROFILE_SPECIFIER = "";
				SWIFT_EMIT_LOC_STRINGS = YES;
				SWIFT_VERSION = 5.0;
				TARGETED_DEVICE_FAMILY = "1,2";
			};
			name = Debug;
		};
		74F49C682A8284FD00072AFD /* Release */ = {
			isa = XCBuildConfiguration;
			baseConfigurationReference = 44C96765790F2A88BE1C0D56 /* Pods-PriceToEarningsHistory.release.xcconfig */;
			buildSettings = {
				ASSETCATALOG_COMPILER_APPICON_NAME = AppIcon;
				ASSETCATALOG_COMPILER_GLOBAL_ACCENT_COLOR_NAME = AccentColor;
				CODE_SIGN_IDENTITY = "Apple Development";
				CODE_SIGN_STYLE = Automatic;
				CURRENT_PROJECT_VERSION = 1;
				DEVELOPMENT_TEAM = H64Q29NA74;
				GENERATE_INFOPLIST_FILE = YES;
				INFOPLIST_FILE = PriceToEarningsHistory/Info.plist;
				INFOPLIST_KEY_CFBundleDisplayName = P2E;
				INFOPLIST_KEY_UIApplicationSupportsIndirectInputEvents = YES;
				INFOPLIST_KEY_UILaunchStoryboardName = LaunchScreen;
				INFOPLIST_KEY_UIMainStoryboardFile = Main;
				INFOPLIST_KEY_UISupportedInterfaceOrientations_iPad = "UIInterfaceOrientationPortrait UIInterfaceOrientationPortraitUpsideDown UIInterfaceOrientationLandscapeLeft UIInterfaceOrientationLandscapeRight";
				INFOPLIST_KEY_UISupportedInterfaceOrientations_iPhone = "UIInterfaceOrientationPortrait UIInterfaceOrientationLandscapeLeft UIInterfaceOrientationLandscapeRight";
				INFOPLIST_KEY_UIUserInterfaceStyle = Light;
				IPHONEOS_DEPLOYMENT_TARGET = 15.2;
				LD_RUNPATH_SEARCH_PATHS = (
					"$(inherited)",
					"@executable_path/Frameworks",
				);
				MARKETING_VERSION = 1.0;
				PRODUCT_BUNDLE_IDENTIFIER = com.mykola.mykhailishyn.PriceToEarnings;
				PRODUCT_NAME = "$(TARGET_NAME)";
				PROVISIONING_PROFILE_SPECIFIER = "";
				SWIFT_EMIT_LOC_STRINGS = YES;
				SWIFT_VERSION = 5.0;
				TARGETED_DEVICE_FAMILY = "1,2";
			};
			name = Release;
		};
		74F49C6A2A8284FD00072AFD /* Debug */ = {
			isa = XCBuildConfiguration;
			baseConfigurationReference = D891F7F8CEA3CE925BFD5259 /* Pods-PriceToEarningsHistoryTests.debug.xcconfig */;
			buildSettings = {
				ALWAYS_EMBED_SWIFT_STANDARD_LIBRARIES = YES;
				BUNDLE_LOADER = "$(TEST_HOST)";
				CODE_SIGN_STYLE = Automatic;
				CURRENT_PROJECT_VERSION = 1;
				DEVELOPMENT_TEAM = BG6YZ3QJKM;
				GENERATE_INFOPLIST_FILE = YES;
				IPHONEOS_DEPLOYMENT_TARGET = 15.5;
				MARKETING_VERSION = 1.0;
				PRODUCT_BUNDLE_IDENTIFIER = com.mykola.mykhailishyn.PriceToEarningsHistoryTests;
				PRODUCT_NAME = "$(TARGET_NAME)";
				SWIFT_EMIT_LOC_STRINGS = NO;
				SWIFT_VERSION = 5.0;
				TARGETED_DEVICE_FAMILY = "1,2";
				TEST_HOST = "$(BUILT_PRODUCTS_DIR)/PriceToEarningsHistory.app/PriceToEarningsHistory";
			};
			name = Debug;
		};
		74F49C6B2A8284FD00072AFD /* Release */ = {
			isa = XCBuildConfiguration;
			baseConfigurationReference = 5634EE6D723C34376E70A431 /* Pods-PriceToEarningsHistoryTests.release.xcconfig */;
			buildSettings = {
				ALWAYS_EMBED_SWIFT_STANDARD_LIBRARIES = YES;
				BUNDLE_LOADER = "$(TEST_HOST)";
				CODE_SIGN_STYLE = Automatic;
				CURRENT_PROJECT_VERSION = 1;
				DEVELOPMENT_TEAM = BG6YZ3QJKM;
				GENERATE_INFOPLIST_FILE = YES;
				IPHONEOS_DEPLOYMENT_TARGET = 15.5;
				MARKETING_VERSION = 1.0;
				PRODUCT_BUNDLE_IDENTIFIER = com.mykola.mykhailishyn.PriceToEarningsHistoryTests;
				PRODUCT_NAME = "$(TARGET_NAME)";
				SWIFT_EMIT_LOC_STRINGS = NO;
				SWIFT_VERSION = 5.0;
				TARGETED_DEVICE_FAMILY = "1,2";
				TEST_HOST = "$(BUILT_PRODUCTS_DIR)/PriceToEarningsHistory.app/PriceToEarningsHistory";
			};
			name = Release;
		};
		74F49C6D2A8284FD00072AFD /* Debug */ = {
			isa = XCBuildConfiguration;
			baseConfigurationReference = BB995CCAA200D42DD76DAD99 /* Pods-PriceToEarningsHistory-PriceToEarningsHistoryUITests.debug.xcconfig */;
			buildSettings = {
				ALWAYS_EMBED_SWIFT_STANDARD_LIBRARIES = YES;
				CODE_SIGN_STYLE = Automatic;
				CURRENT_PROJECT_VERSION = 1;
				DEVELOPMENT_TEAM = BG6YZ3QJKM;
				GENERATE_INFOPLIST_FILE = YES;
				MARKETING_VERSION = 1.0;
				PRODUCT_BUNDLE_IDENTIFIER = com.mykola.mykhailishyn.PriceToEarningsHistoryUITests;
				PRODUCT_NAME = "$(TARGET_NAME)";
				SWIFT_EMIT_LOC_STRINGS = NO;
				SWIFT_VERSION = 5.0;
				TARGETED_DEVICE_FAMILY = "1,2";
				TEST_TARGET_NAME = PriceToEarningsHistory;
			};
			name = Debug;
		};
		74F49C6E2A8284FD00072AFD /* Release */ = {
			isa = XCBuildConfiguration;
			baseConfigurationReference = 799FBEB8745CF93F600A5218 /* Pods-PriceToEarningsHistory-PriceToEarningsHistoryUITests.release.xcconfig */;
			buildSettings = {
				ALWAYS_EMBED_SWIFT_STANDARD_LIBRARIES = YES;
				CODE_SIGN_STYLE = Automatic;
				CURRENT_PROJECT_VERSION = 1;
				DEVELOPMENT_TEAM = BG6YZ3QJKM;
				GENERATE_INFOPLIST_FILE = YES;
				MARKETING_VERSION = 1.0;
				PRODUCT_BUNDLE_IDENTIFIER = com.mykola.mykhailishyn.PriceToEarningsHistoryUITests;
				PRODUCT_NAME = "$(TARGET_NAME)";
				SWIFT_EMIT_LOC_STRINGS = NO;
				SWIFT_VERSION = 5.0;
				TARGETED_DEVICE_FAMILY = "1,2";
				TEST_TARGET_NAME = PriceToEarningsHistory;
			};
			name = Release;
		};
/* End XCBuildConfiguration section */

/* Begin XCConfigurationList section */
		74F49C372A8284FB00072AFD /* Build configuration list for PBXProject "PriceToEarningsHistory" */ = {
			isa = XCConfigurationList;
			buildConfigurations = (
				74F49C642A8284FD00072AFD /* Debug */,
				74F49C652A8284FD00072AFD /* Release */,
			);
			defaultConfigurationIsVisible = 0;
			defaultConfigurationName = Release;
		};
		74F49C662A8284FD00072AFD /* Build configuration list for PBXNativeTarget "PriceToEarningsHistory" */ = {
			isa = XCConfigurationList;
			buildConfigurations = (
				74F49C672A8284FD00072AFD /* Debug */,
				74F49C682A8284FD00072AFD /* Release */,
			);
			defaultConfigurationIsVisible = 0;
			defaultConfigurationName = Release;
		};
		74F49C692A8284FD00072AFD /* Build configuration list for PBXNativeTarget "PriceToEarningsHistoryTests" */ = {
			isa = XCConfigurationList;
			buildConfigurations = (
				74F49C6A2A8284FD00072AFD /* Debug */,
				74F49C6B2A8284FD00072AFD /* Release */,
			);
			defaultConfigurationIsVisible = 0;
			defaultConfigurationName = Release;
		};
		74F49C6C2A8284FD00072AFD /* Build configuration list for PBXNativeTarget "PriceToEarningsHistoryUITests" */ = {
			isa = XCConfigurationList;
			buildConfigurations = (
				74F49C6D2A8284FD00072AFD /* Debug */,
				74F49C6E2A8284FD00072AFD /* Release */,
			);
			defaultConfigurationIsVisible = 0;
			defaultConfigurationName = Release;
		};
/* End XCConfigurationList section */
	};
	rootObject = 74F49C342A8284FB00072AFD /* Project object */;
}
